
Microsoft Visual Studio Solution File, Format Version 12.00
# Visual Studio Version 16
VisualStudioVersion = 16.0.30611.23
MinimumVisualStudioVersion = 10.0.40219.1
Project("{FAE04EC0-301F-11D3-BF4B-00C04F79EFBC}") = "Nibo.Conciliacao.Bancaria", "Nibo.Conciliacao.Bancaria\Nibo.Conciliacao.Bancaria.csproj", "{CEF083BD-B3B9-4C53-A76F-56527136D8E5}"
EndProject
Project("{FAE04EC0-301F-11D3-BF4B-00C04F79EFBC}") = "Nibo.Conciliacao.Bancaria.Repository", "Nibo.Conciliacao.Bancaria.Repository\Nibo.Conciliacao.Bancaria.Repository.csproj", "{B2C0CDB4-4170-4200-8725-172DD1533084}"
EndProject
Project("{FAE04EC0-301F-11D3-BF4B-00C04F79EFBC}") = "Nibo.Conciliacao.Bancaria.Model", "Nibo.Conciliacao.Bancaria.Model\Nibo.Conciliacao.Bancaria.Model.csproj", "{381EF2FF-DC1B-4318-B6FD-5F5177FAA821}"
EndProject
Global
	GlobalSection(SolutionConfigurationPlatforms) = preSolution
		Debug|Any CPU = Debug|Any CPU
		Release|Any CPU = Release|Any CPU
	EndGlobalSection
	GlobalSection(ProjectConfigurationPlatforms) = postSolution
		{CEF083BD-B3B9-4C53-A76F-56527136D8E5}.Debug|Any CPU.ActiveCfg = Debug|Any CPU
		{CEF083BD-B3B9-4C53-A76F-56527136D8E5}.Debug|Any CPU.Build.0 = Debug|Any CPU
		{CEF083BD-B3B9-4C53-A76F-56527136D8E5}.Release|Any CPU.ActiveCfg = Release|Any CPU
		{CEF083BD-B3B9-4C53-A76F-56527136D8E5}.Release|Any CPU.Build.0 = Release|Any CPU
		{B2C0CDB4-4170-4200-8725-172DD1533084}.Debug|Any CPU.ActiveCfg = Debug|Any CPU
		{B2C0CDB4-4170-4200-8725-172DD1533084}.Debug|Any CPU.Build.0 = Debug|Any CPU
		{B2C0CDB4-4170-4200-8725-172DD1533084}.Release|Any CPU.ActiveCfg = Release|Any CPU
		{B2C0CDB4-4170-4200-8725-172DD1533084}.Release|Any CPU.Build.0 = Release|Any CPU
		{381EF2FF-DC1B-4318-B6FD-5F5177FAA821}.Debug|Any CPU.ActiveCfg = Debug|Any CPU
		{381EF2FF-DC1B-4318-B6FD-5F5177FAA821}.Debug|Any CPU.Build.0 = Debug|Any CPU
		{381EF2FF-DC1B-4318-B6FD-5F5177FAA821}.Release|Any CPU.ActiveCfg = Release|Any CPU
		{381EF2FF-DC1B-4318-B6FD-5F5177FAA821}.Release|Any CPU.Build.0 = Release|Any CPU
	EndGlobalSection
	GlobalSection(SolutionProperties) = preSolution
		HideSolutionNode = FALSE
	EndGlobalSection
	GlobalSection(ExtensibilityGlobals) = postSolution
		SolutionGuid = {3A74720A-1BCB-47E8-A6F4-5838BD0AB709}
	EndGlobalSection
EndGlobal
